
Microsoft Visual Studio Solution File, Format Version 12.00
# Visual Studio Version 16
VisualStudioVersion = 16.0.32929.386
MinimumVisualStudioVersion = 10.0.40219.1
Project("{FAE04EC0-301F-11D3-BF4B-00C04F79EFBC}") = "TaskParallel", "TaskParallel\TaskParallel.csproj", "{BBB5A817-6B64-475A-BC43-741E0BC096DD}"
EndProject
Global
	GlobalSection(SolutionConfigurationPlatforms) = preSolution
		Debug|Any CPU = Debug|Any CPU
		Release|Any CPU = Release|Any CPU
	EndGlobalSection
	GlobalSection(ProjectConfigurationPlatforms) = postSolution
		{BBB5A817-6B64-475A-BC43-741E0BC096DD}.Debug|Any CPU.ActiveCfg = Debug|Any CPU
		{BBB5A817-6B64-475A-BC43-741E0BC096DD}.Debug|Any CPU.Build.0 = Debug|Any CPU
		{BBB5A817-6B64-475A-BC43-741E0BC096DD}.Release|Any CPU.ActiveCfg = Release|Any CPU
		{BBB5A817-6B64-475A-BC43-741E0BC096DD}.Release|Any CPU.Build.0 = Release|Any CPU
	EndGlobalSection
	GlobalSection(SolutionProperties) = preSolution
		HideSolutionNode = FALSE
	EndGlobalSection
	GlobalSection(ExtensibilityGlobals) = postSolution
		SolutionGuid = {60A101A0-7BC8-403F-BBBC-10EE3A5493A3}
	EndGlobalSection
EndGlobal
